
Microsoft Visual Studio Solution File, Format Version 12.00
# Visual Studio Version 17
VisualStudioVersion = 17.2.32516.85
MinimumVisualStudioVersion = 10.0.40219.1
Project("{FAE04EC0-301F-11D3-BF4B-00C04F79EFBC}") = "lab7", "lab7\lab7.csproj", "{3C91C17E-04A7-42E2-8FBD-855AA19589D6}"
EndProject
Global
	GlobalSection(SolutionConfigurationPlatforms) = preSolution
		Debug|Any CPU = Debug|Any CPU
		Release|Any CPU = Release|Any CPU
	EndGlobalSection
	GlobalSection(ProjectConfigurationPlatforms) = postSolution
		{3C91C17E-04A7-42E2-8FBD-855AA19589D6}.Debug|Any CPU.ActiveCfg = Debug|Any CPU
		{3C91C17E-04A7-42E2-8FBD-855AA19589D6}.Debug|Any CPU.Build.0 = Debug|Any CPU
		{3C91C17E-04A7-42E2-8FBD-855AA19589D6}.Release|Any CPU.ActiveCfg = Release|Any CPU
		{3C91C17E-04A7-42E2-8FBD-855AA19589D6}.Release|Any CPU.Build.0 = Release|Any CPU
	EndGlobalSection
	GlobalSection(SolutionProperties) = preSolution
		HideSolutionNode = FALSE
	EndGlobalSection
	GlobalSection(ExtensibilityGlobals) = postSolution
		SolutionGuid = {32982B93-25B8-4718-B45E-10FBCF804D3A}
	EndGlobalSection
EndGlobal
